github.com/McShelby/hugo-theme-relearn v0.0.0-20250103114405-80e448e5bdaa h1:G+OnMEzK4XOzbbcf1SmaGyOYJ0h5idp/IJdguWs8ioU=
github.com/McShelby/hugo-theme-relearn v0.0.0-20250103114405-80e448e5bdaa/go.mod h1:mKQQdxZNIlLvAj8X3tMq+RzntIJSr9z7XdzuMomt0IM=
github.com/alex-shpak/hugo-book v0.0.0-20241009212754-7c78a39c531a h1:GiRJQYc9Bt8H59/e0w/97i46Ql39CUIdDQjHikd9scA=
github.com/alex-shpak/hugo-book v0.0.0-20241009212754-7c78a39c531a/go.mod h1:L4NMyzbn15fpLIpmmtDg9ZFFyTZzw87/lk7M2bMQ7ds=
github.com/imfing/hextra v0.9.3 h1:p4vDm2TSgt3RpJdJm2mqkpoJCH2S08wzySyyYodtgCc=
github.com/imfing/hextra v0.9.3/go.mod h1:cEfel3lU/bSx7lTE/+uuR4GJaphyOyiwNR3PTqFTXpI=
